
Microsoft Visual Studio Solution File, Format Version 12.00
# Visual Studio Version 16
VisualStudioVersion = 16.0.30225.117
MinimumVisualStudioVersion = 10.0.40219.1
Project("{FAE04EC0-301F-11D3-BF4B-00C04F79EFBC}") = "WFClock", "WFClock\WFClock.csproj", "{402316A9-2E5D-4848-9273-6CA4991F94DF}"
EndProject
Global
	GlobalSection(SolutionConfigurationPlatforms) = preSolution
		Debug|Any CPU = Debug|Any CPU
		Release|Any CPU = Release|Any CPU
	EndGlobalSection
	GlobalSection(ProjectConfigurationPlatforms) = postSolution
		{402316A9-2E5D-4848-9273-6CA4991F94DF}.Debug|Any CPU.ActiveCfg = Debug|Any CPU
		{402316A9-2E5D-4848-9273-6CA4991F94DF}.Debug|Any CPU.Build.0 = Debug|Any CPU
		{402316A9-2E5D-4848-9273-6CA4991F94DF}.Release|Any CPU.ActiveCfg = Release|Any CPU
		{402316A9-2E5D-4848-9273-6CA4991F94DF}.Release|Any CPU.Build.0 = Release|Any CPU
	EndGlobalSection
	GlobalSection(SolutionProperties) = preSolution
		HideSolutionNode = FALSE
	EndGlobalSection
	GlobalSection(ExtensibilityGlobals) = postSolution
		SolutionGuid = {96622838-9F2B-451F-A26D-D41A4B8DBFEA}
	EndGlobalSection
EndGlobal
